// !$*UTF8*$!
{
	archiveVersion = 1;
	classes = {
	};
	objectVersion = 56;
	objects = {

/* Begin PBXBuildFile section */
		EB124BDD2AD157DB006BCD35 /* AppDelegate.swift in Sources */ = {isa = PBXBuildFile; fileRef = EB124BDC2AD157DB006BCD35 /* AppDelegate.swift */; };
		EB124BE42AD157DB006BCD35 /* HomeViewController.storyboard in Resources */ = {isa = PBXBuildFile; fileRef = EB124BE22AD157DB006BCD35 /* HomeViewController.storyboard */; };
		EB124BE62AD157DC006BCD35 /* Assets.xcassets in Resources */ = {isa = PBXBuildFile; fileRef = EB124BE52AD157DC006BCD35 /* Assets.xcassets */; };
		EB124BE92AD157DC006BCD35 /* LaunchScreen.storyboard in Resources */ = {isa = PBXBuildFile; fileRef = EB124BE72AD157DC006BCD35 /* LaunchScreen.storyboard */; };
		EB2132042AD15E3D0080A2CC /* GameProtocols.swift in Sources */ = {isa = PBXBuildFile; fileRef = EB2131FD2AD15E3D0080A2CC /* GameProtocols.swift */; };
		EB2132062AD15E3D0080A2CC /* GameBuilder.swift in Sources */ = {isa = PBXBuildFile; fileRef = EB2131FF2AD15E3D0080A2CC /* GameBuilder.swift */; };
		EB21320F2AD15EFE0080A2CC /* HomeBuilder.swift in Sources */ = {isa = PBXBuildFile; fileRef = EB21320A2AD15EFE0080A2CC /* HomeBuilder.swift */; };
		EB2132132AD15FA80080A2CC /* HomeViewController.swift in Sources */ = {isa = PBXBuildFile; fileRef = EB2132122AD15FA80080A2CC /* HomeViewController.swift */; };
		EB2132162AD15FF20080A2CC /* HomeInteractor.swift in Sources */ = {isa = PBXBuildFile; fileRef = EB2132152AD15FF20080A2CC /* HomeInteractor.swift */; };
		EB2132192AD160280080A2CC /* HomePresenter.swift in Sources */ = {isa = PBXBuildFile; fileRef = EB2132182AD160280080A2CC /* HomePresenter.swift */; };
		EB21321C2AD1606E0080A2CC /* HomeRouter.swift in Sources */ = {isa = PBXBuildFile; fileRef = EB21321B2AD1606E0080A2CC /* HomeRouter.swift */; };
		EB2132222AD160DB0080A2CC /* Monster.swift in Sources */ = {isa = PBXBuildFile; fileRef = EB21321E2AD160DB0080A2CC /* Monster.swift */; };
		EB2132232AD160DB0080A2CC /* Game.swift in Sources */ = {isa = PBXBuildFile; fileRef = EB21321F2AD160DB0080A2CC /* Game.swift */; };
		EB2132242AD160DB0080A2CC /* Player.swift in Sources */ = {isa = PBXBuildFile; fileRef = EB2132202AD160DB0080A2CC /* Player.swift */; };
		EB2132252AD160DB0080A2CC /* CreatureProtocol.swift in Sources */ = {isa = PBXBuildFile; fileRef = EB2132212AD160DB0080A2CC /* CreatureProtocol.swift */; };
		EB21322A2AD160FE0080A2CC /* Ogre.swift in Sources */ = {isa = PBXBuildFile; fileRef = EB2132272AD160FE0080A2CC /* Ogre.swift */; };
		EB21322B2AD160FE0080A2CC /* SabreToothedKitten.swift in Sources */ = {isa = PBXBuildFile; fileRef = EB2132282AD160FE0080A2CC /* SabreToothedKitten.swift */; };
		EB21322C2AD160FE0080A2CC /* Skeleton.swift in Sources */ = {isa = PBXBuildFile; fileRef = EB2132292AD160FE0080A2CC /* Skeleton.swift */; };
		EB21322F2AD161310080A2CC /* GameInteractor.swift in Sources */ = {isa = PBXBuildFile; fileRef = EB21322E2AD161310080A2CC /* GameInteractor.swift */; };
		EB2132322AD161570080A2CC /* GameRouter.swift in Sources */ = {isa = PBXBuildFile; fileRef = EB2132312AD161570080A2CC /* GameRouter.swift */; };
		EB2132352AD1619C0080A2CC /* GamePresenter.swift in Sources */ = {isa = PBXBuildFile; fileRef = EB2132342AD1619C0080A2CC /* GamePresenter.swift */; };
		EB2132382AD161C00080A2CC /* GameView.swift in Sources */ = {isa = PBXBuildFile; fileRef = EB2132372AD161C00080A2CC /* GameView.swift */; };
/* End PBXBuildFile section */

/* Begin PBXFileReference section */
		EB124BD92AD157DB006BCD35 /* Players_and_Monsters.app */ = {isa = PBXFileReference; explicitFileType = wrapper.application; includeInIndex = 0; path = Players_and_Monsters.app; sourceTree = BUILT_PRODUCTS_DIR; };
		EB124BDC2AD157DB006BCD35 /* AppDelegate.swift */ = {isa = PBXFileReference; lastKnownFileType = sourcecode.swift; path = AppDelegate.swift; sourceTree = "<group>"; };
		EB124BE32AD157DB006BCD35 /* Base */ = {isa = PBXFileReference; lastKnownFileType = file.storyboard; name = Base; path = Base.lproj/HomeViewController.storyboard; sourceTree = "<group>"; };
		EB124BE52AD157DC006BCD35 /* Assets.xcassets */ = {isa = PBXFileReference; lastKnownFileType = folder.assetcatalog; path = Assets.xcassets; sourceTree = "<group>"; };
		EB124BE82AD157DC006BCD35 /* Base */ = {isa = PBXFileReference; lastKnownFileType = file.storyboard; name = Base; path = Base.lproj/LaunchScreen.storyboard; sourceTree = "<group>"; };
		EB124BEA2AD157DC006BCD35 /* Info.plist */ = {isa = PBXFileReference; lastKnownFileType = text.plist.xml; path = Info.plist; sourceTree = "<group>"; };
		EB2131FD2AD15E3D0080A2CC /* GameProtocols.swift */ = {isa = PBXFileReference; fileEncoding = 4; lastKnownFileType = sourcecode.swift; path = GameProtocols.swift; sourceTree = "<group>"; };
		EB2131FF2AD15E3D0080A2CC /* GameBuilder.swift */ = {isa = PBXFileReference; fileEncoding = 4; lastKnownFileType = sourcecode.swift; path = GameBuilder.swift; sourceTree = "<group>"; };
		EB21320A2AD15EFE0080A2CC /* HomeBuilder.swift */ = {isa = PBXFileReference; fileEncoding = 4; lastKnownFileType = sourcecode.swift; path = HomeBuilder.swift; sourceTree = "<group>"; };
		EB2132122AD15FA80080A2CC /* HomeViewController.swift */ = {isa = PBXFileReference; fileEncoding = 4; lastKnownFileType = sourcecode.swift; path = HomeViewController.swift; sourceTree = "<group>"; };
		EB2132152AD15FF20080A2CC /* HomeInteractor.swift */ = {isa = PBXFileReference; fileEncoding = 4; lastKnownFileType = sourcecode.swift; path = HomeInteractor.swift; sourceTree = "<group>"; };
		EB2132182AD160280080A2CC /* HomePresenter.swift */ = {isa = PBXFileReference; fileEncoding = 4; lastKnownFileType = sourcecode.swift; path = HomePresenter.swift; sourceTree = "<group>"; };
		EB21321B2AD1606E0080A2CC /* HomeRouter.swift */ = {isa = PBXFileReference; fileEncoding = 4; lastKnownFileType = sourcecode.swift; path = HomeRouter.swift; sourceTree = "<group>"; };
		EB21321E2AD160DB0080A2CC /* Monster.swift */ = {isa = PBXFileReference; fileEncoding = 4; lastKnownFileType = sourcecode.swift; path = Monster.swift; sourceTree = "<group>"; };
		EB21321F2AD160DB0080A2CC /* Game.swift */ = {isa = PBXFileReference; fileEncoding = 4; lastKnownFileType = sourcecode.swift; path = Game.swift; sourceTree = "<group>"; };
		EB2132202AD160DB0080A2CC /* Player.swift */ = {isa = PBXFileReference; fileEncoding = 4; lastKnownFileType = sourcecode.swift; path = Player.swift; sourceTree = "<group>"; };
		EB2132212AD160DB0080A2CC /* CreatureProtocol.swift */ = {isa = PBXFileReference; fileEncoding = 4; lastKnownFileType = sourcecode.swift; path = CreatureProtocol.swift; sourceTree = "<group>"; };
		EB2132272AD160FE0080A2CC /* Ogre.swift */ = {isa = PBXFileReference; fileEncoding = 4; lastKnownFileType = sourcecode.swift; path = Ogre.swift; sourceTree = "<group>"; };
		EB2132282AD160FE0080A2CC /* SabreToothedKitten.swift */ = {isa = PBXFileReference; fileEncoding = 4; lastKnownFileType = sourcecode.swift; path = SabreToothedKitten.swift; sourceTree = "<group>"; };
		EB2132292AD160FE0080A2CC /* Skeleton.swift */ = {isa = PBXFileReference; fileEncoding = 4; lastKnownFileType = sourcecode.swift; path = Skeleton.swift; sourceTree = "<group>"; };
		EB21322E2AD161310080A2CC /* GameInteractor.swift */ = {isa = PBXFileReference; fileEncoding = 4; lastKnownFileType = sourcecode.swift; path = GameInteractor.swift; sourceTree = "<group>"; };
		EB2132312AD161570080A2CC /* GameRouter.swift */ = {isa = PBXFileReference; fileEncoding = 4; lastKnownFileType = sourcecode.swift; path = GameRouter.swift; sourceTree = "<group>"; };
		EB2132342AD1619C0080A2CC /* GamePresenter.swift */ = {isa = PBXFileReference; fileEncoding = 4; lastKnownFileType = sourcecode.swift; path = GamePresenter.swift; sourceTree = "<group>"; };
		EB2132372AD161C00080A2CC /* GameView.swift */ = {isa = PBXFileReference; fileEncoding = 4; lastKnownFileType = sourcecode.swift; path = GameView.swift; sourceTree = "<group>"; };
/* End PBXFileReference section */

/* Begin PBXFrameworksBuildPhase section */
		EB124BD62AD157DB006BCD35 /* Frameworks */ = {
			isa = PBXFrameworksBuildPhase;
			buildActionMask = 2147483647;
			files = (
			);
			runOnlyForDeploymentPostprocessing = 0;
		};
/* End PBXFrameworksBuildPhase section */

/* Begin PBXGroup section */
		EB124BD02AD157DB006BCD35 = {
			isa = PBXGroup;
			children = (
				EB124BDB2AD157DB006BCD35 /* Players_and_Monsters */,
				EB124BDA2AD157DB006BCD35 /* Products */,
			);
			sourceTree = "<group>";
		};
		EB124BDA2AD157DB006BCD35 /* Products */ = {
			isa = PBXGroup;
			children = (
				EB124BD92AD157DB006BCD35 /* Players_and_Monsters.app */,
			);
			name = Products;
			sourceTree = "<group>";
		};
		EB124BDB2AD157DB006BCD35 /* Players_and_Monsters */ = {
			isa = PBXGroup;
			children = (
				EB124BF52AD15B82006BCD35 /* HomeScene */,
				EB124BF42AD15B77006BCD35 /* GameScene */,
				EB124BDC2AD157DB006BCD35 /* AppDelegate.swift */,
				EB124BE52AD157DC006BCD35 /* Assets.xcassets */,
				EB124BE72AD157DC006BCD35 /* LaunchScreen.storyboard */,
				EB124BEA2AD157DC006BCD35 /* Info.plist */,
			);
			path = Players_and_Monsters;
			sourceTree = "<group>";
		};
		EB124BF42AD15B77006BCD35 /* GameScene */ = {
			isa = PBXGroup;
			children = (
				EB2132362AD161A70080A2CC /* View */,
				EB2132332AD161730080A2CC /* Presenter */,
				EB21322D2AD161100080A2CC /* Interactor */,
				EB2132302AD1613F0080A2CC /* Router */,
				EB21321D2AD160B10080A2CC /* Entities */,
				EB2131FF2AD15E3D0080A2CC /* GameBuilder.swift */,
				EB2131FD2AD15E3D0080A2CC /* GameProtocols.swift */,
			);
			path = GameScene;
			sourceTree = "<group>";
		};
		EB124BF52AD15B82006BCD35 /* HomeScene */ = {
			isa = PBXGroup;
			children = (
				EB21321A2AD160410080A2CC /* Router */,
				EB2132112AD15F630080A2CC /* View */,
				EB2132142AD15FC40080A2CC /* Interactor */,
				EB2132172AD1600A0080A2CC /* Presenter */,
				EB21320A2AD15EFE0080A2CC /* HomeBuilder.swift */,
			);
			path = HomeScene;
			sourceTree = "<group>";
		};
		EB2132112AD15F630080A2CC /* View */ = {
			isa = PBXGroup;
			children = (
				EB2132122AD15FA80080A2CC /* HomeViewController.swift */,
				EB124BE22AD157DB006BCD35 /* HomeViewController.storyboard */,
			);
			path = View;
			sourceTree = "<group>";
		};
		EB2132142AD15FC40080A2CC /* Interactor */ = {
			isa = PBXGroup;
			children = (
				EB2132152AD15FF20080A2CC /* HomeInteractor.swift */,
			);
			path = Interactor;
			sourceTree = "<group>";
		};
		EB2132172AD1600A0080A2CC /* Presenter */ = {
			isa = PBXGroup;
			children = (
				EB2132182AD160280080A2CC /* HomePresenter.swift */,
			);
			path = Presenter;
			sourceTree = "<group>";
		};
		EB21321A2AD160410080A2CC /* Router */ = {
			isa = PBXGroup;
			children = (
				EB21321B2AD1606E0080A2CC /* HomeRouter.swift */,
			);
			path = Router;
			sourceTree = "<group>";
		};
		EB21321D2AD160B10080A2CC /* Entities */ = {
			isa = PBXGroup;
			children = (
				EB2132262AD160E00080A2CC /* MonsterTypes */,
				EB2132212AD160DB0080A2CC /* CreatureProtocol.swift */,
				EB21321F2AD160DB0080A2CC /* Game.swift */,
				EB21321E2AD160DB0080A2CC /* Monster.swift */,
				EB2132202AD160DB0080A2CC /* Player.swift */,
			);
			path = Entities;
			sourceTree = "<group>";
		};
		EB2132262AD160E00080A2CC /* MonsterTypes */ = {
			isa = PBXGroup;
			children = (
				EB2132272AD160FE0080A2CC /* Ogre.swift */,
				EB2132282AD160FE0080A2CC /* SabreToothedKitten.swift */,
				EB2132292AD160FE0080A2CC /* Skeleton.swift */,
			);
			path = MonsterTypes;
			sourceTree = "<group>";
		};
		EB21322D2AD161100080A2CC /* Interactor */ = {
			isa = PBXGroup;
			children = (
				EB21322E2AD161310080A2CC /* GameInteractor.swift */,
			);
			path = Interactor;
			sourceTree = "<group>";
		};
		EB2132302AD1613F0080A2CC /* Router */ = {
			isa = PBXGroup;
			children = (
				EB2132312AD161570080A2CC /* GameRouter.swift */,
			);
			path = Router;
			sourceTree = "<group>";
		};
		EB2132332AD161730080A2CC /* Presenter */ = {
			isa = PBXGroup;
			children = (
				EB2132342AD1619C0080A2CC /* GamePresenter.swift */,
			);
			path = Presenter;
			sourceTree = "<group>";
		};
		EB2132362AD161A70080A2CC /* View */ = {
			isa = PBXGroup;
			children = (
				EB2132372AD161C00080A2CC /* GameView.swift */,
			);
			path = View;
			sourceTree = "<group>";
		};
/* End PBXGroup section */

/* Begin PBXNativeTarget section */
		EB124BD82AD157DB006BCD35 /* Players_and_Monsters */ = {
			isa = PBXNativeTarget;
			buildConfigurationList = EB124BED2AD157DC006BCD35 /* Build configuration list for PBXNativeTarget "Players_and_Monsters" */;
			buildPhases = (
				EB124BD52AD157DB006BCD35 /* Sources */,
				EB124BD62AD157DB006BCD35 /* Frameworks */,
				EB124BD72AD157DB006BCD35 /* Resources */,
			);
			buildRules = (
			);
			dependencies = (
			);
			name = Players_and_Monsters;
			productName = Players_and_Monsters;
			productReference = EB124BD92AD157DB006BCD35 /* Players_and_Monsters.app */;
			productType = "com.apple.product-type.application";
		};
/* End PBXNativeTarget section */

/* Begin PBXProject section */
		EB124BD12AD157DB006BCD35 /* Project object */ = {
			isa = PBXProject;
			attributes = {
				BuildIndependentTargetsInParallel = 1;
				LastSwiftUpdateCheck = 1500;
				LastUpgradeCheck = 1500;
				TargetAttributes = {
					EB124BD82AD157DB006BCD35 = {
						CreatedOnToolsVersion = 15.0;
					};
				};
			};
			buildConfigurationList = EB124BD42AD157DB006BCD35 /* Build configuration list for PBXProject "Players_and_Monsters" */;
			compatibilityVersion = "Xcode 14.0";
			developmentRegion = en;
			hasScannedForEncodings = 0;
			knownRegions = (
				en,
				Base,
			);
			mainGroup = EB124BD02AD157DB006BCD35;
			productRefGroup = EB124BDA2AD157DB006BCD35 /* Products */;
			projectDirPath = "";
			projectRoot = "";
			targets = (
				EB124BD82AD157DB006BCD35 /* Players_and_Monsters */,
			);
		};
/* End PBXProject section */

/* Begin PBXResourcesBuildPhase section */
		EB124BD72AD157DB006BCD35 /* Resources */ = {
			isa = PBXResourcesBuildPhase;
			buildActionMask = 2147483647;
			files = (
				EB124BE92AD157DC006BCD35 /* LaunchScreen.storyboard in Resources */,
				EB124BE62AD157DC006BCD35 /* Assets.xcassets in Resources */,
				EB124BE42AD157DB006BCD35 /* HomeViewController.storyboard in Resources */,
			);
			runOnlyForDeploymentPostprocessing = 0;
		};
/* End PBXResourcesBuildPhase section */

/* Begin PBXSourcesBuildPhase section */
		EB124BD52AD157DB006BCD35 /* Sources */ = {
			isa = PBXSourcesBuildPhase;
			buildActionMask = 2147483647;
			files = (
				EB21322C2AD160FE0080A2CC /* Skeleton.swift in Sources */,
				EB21320F2AD15EFE0080A2CC /* HomeBuilder.swift in Sources */,
				EB2132042AD15E3D0080A2CC /* GameProtocols.swift in Sources */,
				EB2132162AD15FF20080A2CC /* HomeInteractor.swift in Sources */,
				EB2132062AD15E3D0080A2CC /* GameBuilder.swift in Sources */,
				EB2132242AD160DB0080A2CC /* Player.swift in Sources */,
				EB21322B2AD160FE0080A2CC /* SabreToothedKitten.swift in Sources */,
				EB2132352AD1619C0080A2CC /* GamePresenter.swift in Sources */,
				EB124BDD2AD157DB006BCD35 /* AppDelegate.swift in Sources */,
				EB2132192AD160280080A2CC /* HomePresenter.swift in Sources */,
				EB2132232AD160DB0080A2CC /* Game.swift in Sources */,
				EB2132222AD160DB0080A2CC /* Monster.swift in Sources */,
				EB2132382AD161C00080A2CC /* GameView.swift in Sources */,
				EB21322F2AD161310080A2CC /* GameInteractor.swift in Sources */,
				EB21322A2AD160FE0080A2CC /* Ogre.swift in Sources */,
				EB2132252AD160DB0080A2CC /* CreatureProtocol.swift in Sources */,
				EB2132132AD15FA80080A2CC /* HomeViewController.swift in Sources */,
				EB2132322AD161570080A2CC /* GameRouter.swift in Sources */,
				EB21321C2AD1606E0080A2CC /* HomeRouter.swift in Sources */,
			);
			runOnlyForDeploymentPostprocessing = 0;
		};
/* End PBXSourcesBuildPhase section */

/* Begin PBXVariantGroup section */
		EB124BE22AD157DB006BCD35 /* HomeViewController.storyboard */ = {
			isa = PBXVariantGroup;
			children = (
				EB124BE32AD157DB006BCD35 /* Base */,
			);
			name = HomeViewController.storyboard;
			sourceTree = "<group>";
		};
		EB124BE72AD157DC006BCD35 /* LaunchScreen.storyboard */ = {
			isa = PBXVariantGroup;
			children = (
				EB124BE82AD157DC006BCD35 /* Base */,
			);
			name = LaunchScreen.storyboard;
			sourceTree = "<group>";
		};
/* End PBXVariantGroup section */

/* Begin XCBuildConfiguration section */
		EB124BEB2AD157DC006BCD35 /* Debug */ = {
			isa = XCBuildConfiguration;
			buildSettings = {
				ALWAYS_SEARCH_USER_PATHS = NO;
				ASSETCATALOG_COMPILER_GENERATE_SWIFT_ASSET_SYMBOL_EXTENSIONS = YES;
				CLANG_ANALYZER_NONNULL = YES;
				CLANG_ANALYZER_NUMBER_OBJECT_CONVERSION = YES_AGGRESSIVE;
				CLANG_CXX_LANGUAGE_STANDARD = "gnu++20";
				CLANG_ENABLE_MODULES = YES;
				CLANG_ENABLE_OBJC_ARC = YES;
				CLANG_ENABLE_OBJC_WEAK = YES;
				CLANG_WARN_BLOCK_CAPTURE_AUTORELEASING = YES;
				CLANG_WARN_BOOL_CONVERSION = YES;
				CLANG_WARN_COMMA = YES;
				CLANG_WARN_CONSTANT_CONVERSION = YES;
				CLANG_WARN_DEPRECATED_OBJC_IMPLEMENTATIONS = YES;
				CLANG_WARN_DIRECT_OBJC_ISA_USAGE = YES_ERROR;
				CLANG_WARN_DOCUMENTATION_COMMENTS = YES;
				CLANG_WARN_EMPTY_BODY = YES;
				CLANG_WARN_ENUM_CONVERSION = YES;
				CLANG_WARN_INFINITE_RECURSION = YES;
				CLANG_WARN_INT_CONVERSION = YES;
				CLANG_WARN_NON_LITERAL_NULL_CONVERSION = YES;
				CLANG_WARN_OBJC_IMPLICIT_RETAIN_SELF = YES;
				CLANG_WARN_OBJC_LITERAL_CONVERSION = YES;
				CLANG_WARN_OBJC_ROOT_CLASS = YES_ERROR;
				CLANG_WARN_QUOTED_INCLUDE_IN_FRAMEWORK_HEADER = YES;
				CLANG_WARN_RANGE_LOOP_ANALYSIS = YES;
				CLANG_WARN_STRICT_PROTOTYPES = YES;
				CLANG_WARN_SUSPICIOUS_MOVE = YES;
				CLANG_WARN_UNGUARDED_AVAILABILITY = YES_AGGRESSIVE;
				CLANG_WARN_UNREACHABLE_CODE = YES;
				CLANG_WARN__DUPLICATE_METHOD_MATCH = YES;
				COPY_PHASE_STRIP = NO;
				DEBUG_INFORMATION_FORMAT = dwarf;
				ENABLE_STRICT_OBJC_MSGSEND = YES;
				ENABLE_TESTABILITY = YES;
				ENABLE_USER_SCRIPT_SANDBOXING = YES;
				GCC_C_LANGUAGE_STANDARD = gnu17;
				GCC_DYNAMIC_NO_PIC = NO;
				GCC_NO_COMMON_BLOCKS = YES;
				GCC_OPTIMIZATION_LEVEL = 0;
				GCC_PREPROCESSOR_DEFINITIONS = (
					"DEBUG=1",
					"$(inherited)",
				);
				GCC_WARN_64_TO_32_BIT_CONVERSION = YES;
				GCC_WARN_ABOUT_RETURN_TYPE = YES_ERROR;
				GCC_WARN_UNDECLARED_SELECTOR = YES;
				GCC_WARN_UNINITIALIZED_AUTOS = YES_AGGRESSIVE;
				GCC_WARN_UNUSED_FUNCTION = YES;
				GCC_WARN_UNUSED_VARIABLE = YES;
				IPHONEOS_DEPLOYMENT_TARGET = 16.0;
				LOCALIZATION_PREFERS_STRING_CATALOGS = YES;
				MTL_ENABLE_DEBUG_INFO = INCLUDE_SOURCE;
				MTL_FAST_MATH = YES;
				ONLY_ACTIVE_ARCH = YES;
				SDKROOT = iphoneos;
				SWIFT_ACTIVE_COMPILATION_CONDITIONS = "DEBUG $(inherited)";
				SWIFT_OPTIMIZATION_LEVEL = "-Onone";
			};
			name = Debug;
		};
		EB124BEC2AD157DC006BCD35 /* Release */ = {
			isa = XCBuildConfiguration;
			buildSettings = {
				ALWAYS_SEARCH_USER_PATHS = NO;
				ASSETCATALOG_COMPILER_GENERATE_SWIFT_ASSET_SYMBOL_EXTENSIONS = YES;
				CLANG_ANALYZER_NONNULL = YES;
				CLANG_ANALYZER_NUMBER_OBJECT_CONVERSION = YES_AGGRESSIVE;
				CLANG_CXX_LANGUAGE_STANDARD = "gnu++20";
				CLANG_ENABLE_MODULES = YES;
				CLANG_ENABLE_OBJC_ARC = YES;
				CLANG_ENABLE_OBJC_WEAK = YES;
				CLANG_WARN_BLOCK_CAPTURE_AUTORELEASING = YES;
				CLANG_WARN_BOOL_CONVERSION = YES;
				CLANG_WARN_COMMA = YES;
				CLANG_WARN_CONSTANT_CONVERSION = YES;
				CLANG_WARN_DEPRECATED_OBJC_IMPLEMENTATIONS = YES;
				CLANG_WARN_DIRECT_OBJC_ISA_USAGE = YES_ERROR;
				CLANG_WARN_DOCUMENTATION_COMMENTS = YES;
				CLANG_WARN_EMPTY_BODY = YES;
				CLANG_WARN_ENUM_CONVERSION = YES;
				CLANG_WARN_INFINITE_RECURSION = YES;
				CLANG_WARN_INT_CONVERSION = YES;
				CLANG_WARN_NON_LITERAL_NULL_CONVERSION = YES;
				CLANG_WARN_OBJC_IMPLICIT_RETAIN_SELF = YES;
				CLANG_WARN_OBJC_LITERAL_CONVERSION = YES;
				CLANG_WARN_OBJC_ROOT_CLASS = YES_ERROR;
				CLANG_WARN_QUOTED_INCLUDE_IN_FRAMEWORK_HEADER = YES;
				CLANG_WARN_RANGE_LOOP_ANALYSIS = YES;
				CLANG_WARN_STRICT_PROTOTYPES = YES;
				CLANG_WARN_SUSPICIOUS_MOVE = YES;
				CLANG_WARN_UNGUARDED_AVAILABILITY = YES_AGGRESSIVE;
				CLANG_WARN_UNREACHABLE_CODE = YES;
				CLANG_WARN__DUPLICATE_METHOD_MATCH = YES;
				COPY_PHASE_STRIP = NO;
				DEBUG_INFORMATION_FORMAT = "dwarf-with-dsym";
				ENABLE_NS_ASSERTIONS = NO;
				ENABLE_STRICT_OBJC_MSGSEND = YES;
				ENABLE_USER_SCRIPT_SANDBOXING = YES;
				GCC_C_LANGUAGE_STANDARD = gnu17;
				GCC_NO_COMMON_BLOCKS = YES;
				GCC_WARN_64_TO_32_BIT_CONVERSION = YES;
				GCC_WARN_ABOUT_RETURN_TYPE = YES_ERROR;
				GCC_WARN_UNDECLARED_SELECTOR = YES;
				GCC_WARN_UNINITIALIZED_AUTOS = YES_AGGRESSIVE;
				GCC_WARN_UNUSED_FUNCTION = YES;
				GCC_WARN_UNUSED_VARIABLE = YES;
				IPHONEOS_DEPLOYMENT_TARGET = 16.0;
				LOCALIZATION_PREFERS_STRING_CATALOGS = YES;
				MTL_ENABLE_DEBUG_INFO = NO;
				MTL_FAST_MATH = YES;
				SDKROOT = iphoneos;
				SWIFT_COMPILATION_MODE = wholemodule;
				VALIDATE_PRODUCT = YES;
			};
			name = Release;
		};
		EB124BEE2AD157DC006BCD35 /* Debug */ = {
			isa = XCBuildConfiguration;
			buildSettings = {
				ASSETCATALOG_COMPILER_APPICON_NAME = AppIcon;
				ASSETCATALOG_COMPILER_GLOBAL_ACCENT_COLOR_NAME = AccentColor;
				CODE_SIGN_STYLE = Automatic;
				CURRENT_PROJECT_VERSION = 1;
				GENERATE_INFOPLIST_FILE = YES;
				INFOPLIST_FILE = Players_and_Monsters/Info.plist;
				INFOPLIST_KEY_UIApplicationSupportsIndirectInputEvents = YES;
				INFOPLIST_KEY_UILaunchStoryboardName = LaunchScreen;
				INFOPLIST_KEY_UIMainStoryboardFile = HomeViewController;
				INFOPLIST_KEY_UISupportedInterfaceOrientations = UIInterfaceOrientationPortrait;
				INFOPLIST_KEY_UISupportedInterfaceOrientations_iPad = "UIInterfaceOrientationLandscapeLeft UIInterfaceOrientationLandscapeRight UIInterfaceOrientationPortrait UIInterfaceOrientationPortraitUpsideDown";
				IPHONEOS_DEPLOYMENT_TARGET = 16.0;
				LD_RUNPATH_SEARCH_PATHS = (
					"$(inherited)",
					"@executable_path/Frameworks",
				);
				MARKETING_VERSION = 1.0;
				PRODUCT_BUNDLE_IDENTIFIER = "AnnaVertikova.Players-and-Monsters";
				PRODUCT_NAME = "$(TARGET_NAME)";
				SUPPORTED_PLATFORMS = "iphoneos iphonesimulator";
				SUPPORTS_MACCATALYST = NO;
				SUPPORTS_MAC_DESIGNED_FOR_IPHONE_IPAD = NO;
				SWIFT_EMIT_LOC_STRINGS = YES;
				SWIFT_VERSION = 5.0;
				TARGETED_DEVICE_FAMILY = 1;
			};
			name = Debug;
		};
		EB124BEF2AD157DC006BCD35 /* Release */ = {
			isa = XCBuildConfiguration;
			buildSettings = {
				ASSETCATALOG_COMPILER_APPICON_NAME = AppIcon;
				ASSETCATALOG_COMPILER_GLOBAL_ACCENT_COLOR_NAME = AccentColor;
				CODE_SIGN_STYLE = Automatic;
				CURRENT_PROJECT_VERSION = 1;
				GENERATE_INFOPLIST_FILE = YES;
				INFOPLIST_FILE = Players_and_Monsters/Info.plist;
				INFOPLIST_KEY_UIApplicationSupportsIndirectInputEvents = YES;
				INFOPLIST_KEY_UILaunchStoryboardName = LaunchScreen;
				INFOPLIST_KEY_UIMainStoryboardFile = HomeViewController;
				INFOPLIST_KEY_UISupportedInterfaceOrientations = UIInterfaceOrientationPortrait;
				INFOPLIST_KEY_UISupportedInterfaceOrientations_iPad = "UIInterfaceOrientationLandscapeLeft UIInterfaceOrientationLandscapeRight UIInterfaceOrientationPortrait UIInterfaceOrientationPortraitUpsideDown";
				IPHONEOS_DEPLOYMENT_TARGET = 16.0;
				LD_RUNPATH_SEARCH_PATHS = (
					"$(inherited)",
					"@executable_path/Frameworks",
				);
				MARKETING_VERSION = 1.0;
				PRODUCT_BUNDLE_IDENTIFIER = "AnnaVertikova.Players-and-Monsters";
				PRODUCT_NAME = "$(TARGET_NAME)";
				SUPPORTED_PLATFORMS = "iphoneos iphonesimulator";
				SUPPORTS_MACCATALYST = NO;
				SUPPORTS_MAC_DESIGNED_FOR_IPHONE_IPAD = NO;
				SWIFT_EMIT_LOC_STRINGS = YES;
				SWIFT_VERSION = 5.0;
				TARGETED_DEVICE_FAMILY = 1;
			};
			name = Release;
		};
/* End XCBuildConfiguration section */

/* Begin XCConfigurationList section */
		EB124BD42AD157DB006BCD35 /* Build configuration list for PBXProject "Players_and_Monsters" */ = {
			isa = XCConfigurationList;
			buildConfigurations = (
				EB124BEB2AD157DC006BCD35 /* Debug */,
				EB124BEC2AD157DC006BCD35 /* Release */,
			);
			defaultConfigurationIsVisible = 0;
			defaultConfigurationName = Release;
		};
		EB124BED2AD157DC006BCD35 /* Build configuration list for PBXNativeTarget "Players_and_Monsters" */ = {
			isa = XCConfigurationList;
			buildConfigurations = (
				EB124BEE2AD157DC006BCD35 /* Debug */,
				EB124BEF2AD157DC006BCD35 /* Release */,
			);
			defaultConfigurationIsVisible = 0;
			defaultConfigurationName = Release;
		};
/* End XCConfigurationList section */
	};
	rootObject = EB124BD12AD157DB006BCD35 /* Project object */;
}
